
Microsoft Visual Studio Solution File, Format Version 12.00
# Visual Studio 15
VisualStudioVersion = 15.0.28307.1000
MinimumVisualStudioVersion = 10.0.40219.1
Project("{FAE04EC0-301F-11D3-BF4B-00C04F79EFBC}") = "ApiPrmHelper", "ApiPrmHelper\ApiPrmHelper.csproj", "{1794B466-9F56-4DFB-9B02-4B350F30BDCF}"
EndProject
Global
	GlobalSection(SolutionConfigurationPlatforms) = preSolution
		Debug|Any CPU = Debug|Any CPU
		Release|Any CPU = Release|Any CPU
	EndGlobalSection
	GlobalSection(ProjectConfigurationPlatforms) = postSolution
		{1794B466-9F56-4DFB-9B02-4B350F30BDCF}.Debug|Any CPU.ActiveCfg = Debug|Any CPU
		{1794B466-9F56-4DFB-9B02-4B350F30BDCF}.Debug|Any CPU.Build.0 = Debug|Any CPU
		{1794B466-9F56-4DFB-9B02-4B350F30BDCF}.Release|Any CPU.ActiveCfg = Release|Any CPU
		{1794B466-9F56-4DFB-9B02-4B350F30BDCF}.Release|Any CPU.Build.0 = Release|Any CPU
	EndGlobalSection
	GlobalSection(SolutionProperties) = preSolution
		HideSolutionNode = FALSE
	EndGlobalSection
	GlobalSection(ExtensibilityGlobals) = postSolution
		SolutionGuid = {004FFFF2-A38B-4324-B49C-E96881CEF2FC}
	EndGlobalSection
EndGlobal
